
Microsoft Visual Studio Solution File, Format Version 12.00
# Visual Studio Version 17
VisualStudioVersion = 17.11.35312.102
MinimumVisualStudioVersion = 10.0.40219.1
Project("{8BC9CEB8-8B4A-11D0-8D11-00A0C91BC942}") = "BCY243002_Project2", "BCY243002_Project2\BCY243002_Project2.vcxproj", "{46554729-B2C6-4827-ADF1-4EAE15E571CD}"
EndProject
Global
	GlobalSection(SolutionConfigurationPlatforms) = preSolution
		Debug|x64 = Debug|x64
		Debug|x86 = Debug|x86
		Release|x64 = Release|x64
		Release|x86 = Release|x86
	EndGlobalSection
	GlobalSection(ProjectConfigurationPlatforms) = postSolution
		{46554729-B2C6-4827-ADF1-4EAE15E571CD}.Debug|x64.ActiveCfg = Debug|x64
		{46554729-B2C6-4827-ADF1-4EAE15E571CD}.Debug|x64.Build.0 = Debug|x64
		{46554729-B2C6-4827-ADF1-4EAE15E571CD}.Debug|x86.ActiveCfg = Debug|Win32
		{46554729-B2C6-4827-ADF1-4EAE15E571CD}.Debug|x86.Build.0 = Debug|Win32
		{46554729-B2C6-4827-ADF1-4EAE15E571CD}.Release|x64.ActiveCfg = Release|x64
		{46554729-B2C6-4827-ADF1-4EAE15E571CD}.Release|x64.Build.0 = Release|x64
		{46554729-B2C6-4827-ADF1-4EAE15E571CD}.Release|x86.ActiveCfg = Release|Win32
		{46554729-B2C6-4827-ADF1-4EAE15E571CD}.Release|x86.Build.0 = Release|Win32
	EndGlobalSection
	GlobalSection(SolutionProperties) = preSolution
		HideSolutionNode = FALSE
	EndGlobalSection
	GlobalSection(ExtensibilityGlobals) = postSolution
		SolutionGuid = {C9594478-11F5-4CCF-8CC8-63F48D764A5A}
	EndGlobalSection
EndGlobal
