
Microsoft Visual Studio Solution File, Format Version 12.00
# Visual Studio Version 17
VisualStudioVersion = 17.11.35312.102
MinimumVisualStudioVersion = 10.0.40219.1
Project("{8BC9CEB8-8B4A-11D0-8D11-00A0C91BC942}") = "BCY243002_Project28", "BCY243002_Project28\BCY243002_Project28.vcxproj", "{1357DC55-48B7-41E1-A77F-C11ACBDD701E}"
EndProject
Global
	GlobalSection(SolutionConfigurationPlatforms) = preSolution
		Debug|x64 = Debug|x64
		Debug|x86 = Debug|x86
		Release|x64 = Release|x64
		Release|x86 = Release|x86
	EndGlobalSection
	GlobalSection(ProjectConfigurationPlatforms) = postSolution
		{1357DC55-48B7-41E1-A77F-C11ACBDD701E}.Debug|x64.ActiveCfg = Debug|x64
		{1357DC55-48B7-41E1-A77F-C11ACBDD701E}.Debug|x64.Build.0 = Debug|x64
		{1357DC55-48B7-41E1-A77F-C11ACBDD701E}.Debug|x86.ActiveCfg = Debug|Win32
		{1357DC55-48B7-41E1-A77F-C11ACBDD701E}.Debug|x86.Build.0 = Debug|Win32
		{1357DC55-48B7-41E1-A77F-C11ACBDD701E}.Release|x64.ActiveCfg = Release|x64
		{1357DC55-48B7-41E1-A77F-C11ACBDD701E}.Release|x64.Build.0 = Release|x64
		{1357DC55-48B7-41E1-A77F-C11ACBDD701E}.Release|x86.ActiveCfg = Release|Win32
		{1357DC55-48B7-41E1-A77F-C11ACBDD701E}.Release|x86.Build.0 = Release|Win32
	EndGlobalSection
	GlobalSection(SolutionProperties) = preSolution
		HideSolutionNode = FALSE
	EndGlobalSection
	GlobalSection(ExtensibilityGlobals) = postSolution
		SolutionGuid = {4FEB1CC5-8BE4-4A11-921E-90DD8F2154D3}
	EndGlobalSection
EndGlobal
