
Microsoft Visual Studio Solution File, Format Version 12.00
# Visual Studio Version 17
VisualStudioVersion = 17.11.35312.102
MinimumVisualStudioVersion = 10.0.40219.1
Project("{8BC9CEB8-8B4A-11D0-8D11-00A0C91BC942}") = "BCY243002_Project11", "BCY243002_Project11\BCY243002_Project11.vcxproj", "{C58359B9-B37A-428C-9598-A5AD3664BA15}"
EndProject
Global
	GlobalSection(SolutionConfigurationPlatforms) = preSolution
		Debug|x64 = Debug|x64
		Debug|x86 = Debug|x86
		Release|x64 = Release|x64
		Release|x86 = Release|x86
	EndGlobalSection
	GlobalSection(ProjectConfigurationPlatforms) = postSolution
		{C58359B9-B37A-428C-9598-A5AD3664BA15}.Debug|x64.ActiveCfg = Debug|x64
		{C58359B9-B37A-428C-9598-A5AD3664BA15}.Debug|x64.Build.0 = Debug|x64
		{C58359B9-B37A-428C-9598-A5AD3664BA15}.Debug|x86.ActiveCfg = Debug|Win32
		{C58359B9-B37A-428C-9598-A5AD3664BA15}.Debug|x86.Build.0 = Debug|Win32
		{C58359B9-B37A-428C-9598-A5AD3664BA15}.Release|x64.ActiveCfg = Release|x64
		{C58359B9-B37A-428C-9598-A5AD3664BA15}.Release|x64.Build.0 = Release|x64
		{C58359B9-B37A-428C-9598-A5AD3664BA15}.Release|x86.ActiveCfg = Release|Win32
		{C58359B9-B37A-428C-9598-A5AD3664BA15}.Release|x86.Build.0 = Release|Win32
	EndGlobalSection
	GlobalSection(SolutionProperties) = preSolution
		HideSolutionNode = FALSE
	EndGlobalSection
	GlobalSection(ExtensibilityGlobals) = postSolution
		SolutionGuid = {A0E59D60-C8DE-4F0D-B6D1-0F66155C79CC}
	EndGlobalSection
EndGlobal
